
Microsoft Visual Studio Solution File, Format Version 12.00
# Visual Studio Version 17
VisualStudioVersion = 17.7.34031.279
MinimumVisualStudioVersion = 10.0.40219.1
Project("{FAE04EC0-301F-11D3-BF4B-00C04F79EFBC}") = "api-project", "api-project\api-project.csproj", "{DE51F2DE-2EA2-46D6-92B0-C47300AB38D9}"
EndProject
Global
	GlobalSection(SolutionConfigurationPlatforms) = preSolution
		Debug|Any CPU = Debug|Any CPU
		Release|Any CPU = Release|Any CPU
	EndGlobalSection
	GlobalSection(ProjectConfigurationPlatforms) = postSolution
		{DE51F2DE-2EA2-46D6-92B0-C47300AB38D9}.Debug|Any CPU.ActiveCfg = Debug|Any CPU
		{DE51F2DE-2EA2-46D6-92B0-C47300AB38D9}.Debug|Any CPU.Build.0 = Debug|Any CPU
		{DE51F2DE-2EA2-46D6-92B0-C47300AB38D9}.Release|Any CPU.ActiveCfg = Release|Any CPU
		{DE51F2DE-2EA2-46D6-92B0-C47300AB38D9}.Release|Any CPU.Build.0 = Release|Any CPU
	EndGlobalSection
	GlobalSection(SolutionProperties) = preSolution
		HideSolutionNode = FALSE
	EndGlobalSection
	GlobalSection(ExtensibilityGlobals) = postSolution
		SolutionGuid = {49EE6C85-BDD3-4C1D-B2EA-B6052EA6C234}
	EndGlobalSection
EndGlobal
